
Microsoft Visual Studio Solution File, Format Version 12.00
# Visual Studio Version 16
VisualStudioVersion = 16.0.28803.352
MinimumVisualStudioVersion = 10.0.40219.1
Project("{8BC9CEB8-8B4A-11D0-8D11-00A0C91BC942}") = "Project1", "Project1\Project1.vcxproj", "{DB9960BD-2095-492B-91A7-94341CD5BCA5}"
EndProject
Global
	GlobalSection(SolutionConfigurationPlatforms) = preSolution
		Debug|x64 = Debug|x64
		Debug|x86 = Debug|x86
		Release|x64 = Release|x64
		Release|x86 = Release|x86
	EndGlobalSection
	GlobalSection(ProjectConfigurationPlatforms) = postSolution
		{DB9960BD-2095-492B-91A7-94341CD5BCA5}.Debug|x64.ActiveCfg = Debug|x64
		{DB9960BD-2095-492B-91A7-94341CD5BCA5}.Debug|x64.Build.0 = Debug|x64
		{DB9960BD-2095-492B-91A7-94341CD5BCA5}.Debug|x86.ActiveCfg = Debug|Win32
		{DB9960BD-2095-492B-91A7-94341CD5BCA5}.Debug|x86.Build.0 = Debug|Win32
		{DB9960BD-2095-492B-91A7-94341CD5BCA5}.Release|x64.ActiveCfg = Release|x64
		{DB9960BD-2095-492B-91A7-94341CD5BCA5}.Release|x64.Build.0 = Release|x64
		{DB9960BD-2095-492B-91A7-94341CD5BCA5}.Release|x86.ActiveCfg = Release|Win32
		{DB9960BD-2095-492B-91A7-94341CD5BCA5}.Release|x86.Build.0 = Release|Win32
	EndGlobalSection
	GlobalSection(SolutionProperties) = preSolution
		HideSolutionNode = FALSE
	EndGlobalSection
	GlobalSection(ExtensibilityGlobals) = postSolution
		SolutionGuid = {7A670217-E63E-4599-809A-D85DA205F6B2}
	EndGlobalSection
EndGlobal
